
Microsoft Visual Studio Solution File, Format Version 12.00
# Visual Studio Version 16
VisualStudioVersion = 16.0.30621.155
MinimumVisualStudioVersion = 10.0.40219.1
Project("{FAE04EC0-301F-11D3-BF4B-00C04F79EFBC}") = "Context", "Context\Context.csproj", "{FEBAF9F3-EED8-4A2D-8067-36FB429D19A8}"
EndProject
Global
	GlobalSection(SolutionConfigurationPlatforms) = preSolution
		Debug|Any CPU = Debug|Any CPU
		Release|Any CPU = Release|Any CPU
	EndGlobalSection
	GlobalSection(ProjectConfigurationPlatforms) = postSolution
		{FEBAF9F3-EED8-4A2D-8067-36FB429D19A8}.Debug|Any CPU.ActiveCfg = Debug|Any CPU
		{FEBAF9F3-EED8-4A2D-8067-36FB429D19A8}.Debug|Any CPU.Build.0 = Debug|Any CPU
		{FEBAF9F3-EED8-4A2D-8067-36FB429D19A8}.Release|Any CPU.ActiveCfg = Release|Any CPU
		{FEBAF9F3-EED8-4A2D-8067-36FB429D19A8}.Release|Any CPU.Build.0 = Release|Any CPU
	EndGlobalSection
	GlobalSection(SolutionProperties) = preSolution
		HideSolutionNode = FALSE
	EndGlobalSection
	GlobalSection(ExtensibilityGlobals) = postSolution
		SolutionGuid = {707A9BA1-D2E7-494C-BDE7-CF71D5F2A719}
	EndGlobalSection
EndGlobal
